
Microsoft Visual Studio Solution File, Format Version 12.00
# Visual Studio Version 17
VisualStudioVersion = 17.4.33213.308
MinimumVisualStudioVersion = 10.0.40219.1
Project("{FAE04EC0-301F-11D3-BF4B-00C04F79EFBC}") = "Perceptron", "Perceptron\Perceptron.csproj", "{3A40A7A6-9E1C-4176-9456-2743C79336C9}"
EndProject
Global
	GlobalSection(SolutionConfigurationPlatforms) = preSolution
		Debug|Any CPU = Debug|Any CPU
		Release|Any CPU = Release|Any CPU
	EndGlobalSection
	GlobalSection(ProjectConfigurationPlatforms) = postSolution
		{3A40A7A6-9E1C-4176-9456-2743C79336C9}.Debug|Any CPU.ActiveCfg = Debug|Any CPU
		{3A40A7A6-9E1C-4176-9456-2743C79336C9}.Debug|Any CPU.Build.0 = Debug|Any CPU
		{3A40A7A6-9E1C-4176-9456-2743C79336C9}.Release|Any CPU.ActiveCfg = Release|Any CPU
		{3A40A7A6-9E1C-4176-9456-2743C79336C9}.Release|Any CPU.Build.0 = Release|Any CPU
	EndGlobalSection
	GlobalSection(SolutionProperties) = preSolution
		HideSolutionNode = FALSE
	EndGlobalSection
	GlobalSection(ExtensibilityGlobals) = postSolution
		SolutionGuid = {980FB95D-81BF-4C98-857D-16657156BF6C}
	EndGlobalSection
EndGlobal
